
Microsoft Visual Studio Solution File, Format Version 12.00
# Visual Studio Version 16
VisualStudioVersion = 16.0.28803.352
MinimumVisualStudioVersion = 10.0.40219.1
Project("{FAE04EC0-301F-11D3-BF4B-00C04F79EFBC}") = "fysapp-umbraco", "fysapp-umbraco\fysapp-umbraco.csproj", "{D952E32F-8245-430C-9C72-0C0778515B0C}"
EndProject
Global
	GlobalSection(SolutionConfigurationPlatforms) = preSolution
		Debug|Any CPU = Debug|Any CPU
		Release|Any CPU = Release|Any CPU
	EndGlobalSection
	GlobalSection(ProjectConfigurationPlatforms) = postSolution
		{D952E32F-8245-430C-9C72-0C0778515B0C}.Debug|Any CPU.ActiveCfg = Debug|Any CPU
		{D952E32F-8245-430C-9C72-0C0778515B0C}.Debug|Any CPU.Build.0 = Debug|Any CPU
		{D952E32F-8245-430C-9C72-0C0778515B0C}.Release|Any CPU.ActiveCfg = Release|Any CPU
		{D952E32F-8245-430C-9C72-0C0778515B0C}.Release|Any CPU.Build.0 = Release|Any CPU
	EndGlobalSection
	GlobalSection(SolutionProperties) = preSolution
		HideSolutionNode = FALSE
	EndGlobalSection
	GlobalSection(ExtensibilityGlobals) = postSolution
		SolutionGuid = {772F6B9C-242D-4B0C-B51B-298C67E8571A}
	EndGlobalSection
EndGlobal
